github.com/oliverbestmann/go-gl-glfw/v3.4/glfw v0.0.0-20260510101646-c1f83c493fe1 h1:NE2h8adQKd5RgELMJRDh6jk+w2AZGJnqiceettnqjAs=
github.com/oliverbestmann/go-gl-glfw/v3.4/glfw v0.0.0-20260510101646-c1f83c493fe1/go.mod h1:T5Dn0JwIJOX1euPZ/iT4tq6nFYtmukjcYa7937HuYK8=
github.com/oliverbestmann/webgpu/libs-android v0.0.0-20260509160813-48db59792a15 h1:HPxVSV8C8JaxGfa9hjDhzNmryoqPF3EwESBTFWpxNBo=
github.com/oliverbestmann/webgpu/libs-android v0.0.0-20260509160813-48db59792a15/go.mod h1:tczQXCdsoFy+FTJVsZSve/vF8cmWEkxhvjcyY2Rujp8=
github.com/oliverbestmann/webgpu/libs-darwin v0.0.0-20260509160802-b09403b07cd3 h1:NbBG2+pwqKcNfKUKtjWOj+02RkXSUWVkxY3hqzgyjSA=
github.com/oliverbestmann/webgpu/libs-darwin v0.0.0-20260509160802-b09403b07cd3/go.mod h1:XoHM/ZcjQqJQyEfQjU0ScDkxvQRWfZLxKP8IrEz4xyo=
github.com/oliverbestmann/webgpu/libs-ios v0.0.0-20260509160803-765e39d2a48b h1:j+uRWcmAl3Y4RPJ4rmxnc1DRHgZ6VNywZPsRHUEuD0M=
github.com/oliverbestmann/webgpu/libs-ios v0.0.0-20260509160803-765e39d2a48b/go.mod h1:IV+TkwmPA0yMzZZoz0Aj4X+22WLEQq2TOyN4/0k8lgs=
github.com/oliverbestmann/webgpu/libs-linux v0.0.0-20260509160809-2fefaf7c9ead h1:kkY04PFBq6I58BwK5cwJ3LRp+xy7Y5/jrkLHBdcBL68=
github.com/oliverbestmann/webgpu/libs-linux v0.0.0-20260509160809-2fefaf7c9ead/go.mod h1:SOeo2YWe2UxWxOeAHyZtwaSXkBbP78cGnm7I+6lIWV0=
github.com/oliverbestmann/webgpu/libs-windows v0.0.0-20260509160807-0bc32b12c7bc h1:YVCfgeByW1ibKniigozHCwF2wC26TDmAIJwQG40bCBM=
github.com/oliverbestmann/webgpu/libs-windows v0.0.0-20260509160807-0bc32b12c7bc/go.mod h1:58qRJHG2+mjEu/AKJFh026bz3xE1zEHYt41i4TBM8NE=
